
Microsoft Visual Studio Solution File, Format Version 12.00
# Visual Studio Version 17
VisualStudioVersion = 17.7.34302.85
MinimumVisualStudioVersion = 10.0.40219.1
Project("{9A19103F-16F7-4668-BE54-9A1E7A4F7556}") = "Abstraction", "Abstraction\Abstraction.csproj", "{D99C839E-C947-40BE-9B1A-73C368DB9726}"
EndProject
Project("{9A19103F-16F7-4668-BE54-9A1E7A4F7556}") = "Encapsulation", "Encapsulation\Encapsulation.csproj", "{10E8B1D2-6D13-4320-A8E2-757323A6E177}"
EndProject
Project("{9A19103F-16F7-4668-BE54-9A1E7A4F7556}") = "Inheritance", "Inheritance\Inheritance.csproj", "{9455672C-A860-473C-8627-99D4D518E1A6}"
EndProject
Project("{9A19103F-16F7-4668-BE54-9A1E7A4F7556}") = "Polymorphism", "Polymorphism\Polymorphism.csproj", "{1EC5786A-3F19-40DE-B5F4-A294A8A43AF8}"
EndProject
Project("{9A19103F-16F7-4668-BE54-9A1E7A4F7556}") = "Library", "VehicleLibrary\Library.csproj", "{7E8652B7-381D-4AF8-85B4-C18F1C6DC8C5}"
EndProject
Global
	GlobalSection(SolutionConfigurationPlatforms) = preSolution
		Debug|Any CPU = Debug|Any CPU
		Release|Any CPU = Release|Any CPU
	EndGlobalSection
	GlobalSection(ProjectConfigurationPlatforms) = postSolution
		{D99C839E-C947-40BE-9B1A-73C368DB9726}.Debug|Any CPU.ActiveCfg = Debug|Any CPU
		{D99C839E-C947-40BE-9B1A-73C368DB9726}.Debug|Any CPU.Build.0 = Debug|Any CPU
		{D99C839E-C947-40BE-9B1A-73C368DB9726}.Release|Any CPU.ActiveCfg = Release|Any CPU
		{D99C839E-C947-40BE-9B1A-73C368DB9726}.Release|Any CPU.Build.0 = Release|Any CPU
		{10E8B1D2-6D13-4320-A8E2-757323A6E177}.Debug|Any CPU.ActiveCfg = Debug|Any CPU
		{10E8B1D2-6D13-4320-A8E2-757323A6E177}.Debug|Any CPU.Build.0 = Debug|Any CPU
		{10E8B1D2-6D13-4320-A8E2-757323A6E177}.Release|Any CPU.ActiveCfg = Release|Any CPU
		{10E8B1D2-6D13-4320-A8E2-757323A6E177}.Release|Any CPU.Build.0 = Release|Any CPU
		{9455672C-A860-473C-8627-99D4D518E1A6}.Debug|Any CPU.ActiveCfg = Debug|Any CPU
		{9455672C-A860-473C-8627-99D4D518E1A6}.Debug|Any CPU.Build.0 = Debug|Any CPU
		{9455672C-A860-473C-8627-99D4D518E1A6}.Release|Any CPU.ActiveCfg = Release|Any CPU
		{9455672C-A860-473C-8627-99D4D518E1A6}.Release|Any CPU.Build.0 = Release|Any CPU
		{1EC5786A-3F19-40DE-B5F4-A294A8A43AF8}.Debug|Any CPU.ActiveCfg = Debug|Any CPU
		{1EC5786A-3F19-40DE-B5F4-A294A8A43AF8}.Debug|Any CPU.Build.0 = Debug|Any CPU
		{1EC5786A-3F19-40DE-B5F4-A294A8A43AF8}.Release|Any CPU.ActiveCfg = Release|Any CPU
		{1EC5786A-3F19-40DE-B5F4-A294A8A43AF8}.Release|Any CPU.Build.0 = Release|Any CPU
		{7E8652B7-381D-4AF8-85B4-C18F1C6DC8C5}.Debug|Any CPU.ActiveCfg = Debug|Any CPU
		{7E8652B7-381D-4AF8-85B4-C18F1C6DC8C5}.Debug|Any CPU.Build.0 = Debug|Any CPU
		{7E8652B7-381D-4AF8-85B4-C18F1C6DC8C5}.Release|Any CPU.ActiveCfg = Release|Any CPU
		{7E8652B7-381D-4AF8-85B4-C18F1C6DC8C5}.Release|Any CPU.Build.0 = Release|Any CPU
	EndGlobalSection
	GlobalSection(SolutionProperties) = preSolution
		HideSolutionNode = FALSE
	EndGlobalSection
	GlobalSection(ExtensibilityGlobals) = postSolution
		SolutionGuid = {FDC019F2-93B0-477E-A24A-671FC1651BF0}
	EndGlobalSection
EndGlobal
